version: 2.0
shards:
  ameba:
    git: https://github.com/crystal-ameba/ameba.git
    version: 1.6.4

  cling:
    git: https://github.com/devnote-dev/cling.git
    version: 3.1.0+git.commit.e23db4aa04ce4727a1e3f699088c114a1930c3e7

  crystal-lua:
    git: https://github.com/devnote-dev/crystal-lua.git
    version: 0.1.0+git.commit.03b219810dd39e5da4cf1d4ea4cfcea05b7abdab

  license:
    git: https://github.com/devnote-dev/license.git
    version: 0.1.0+git.commit.f95e1c1c95d1ef9d50097b38f4e6bc688629601a

  molinillo:
    git: https://github.com/crystal-lang/crystal-molinillo.git
    version: 0.2.0

  shards:
    git: https://github.com/crystal-lang/shards.git
    version: 0.20.0

  strict-yaml:
    git: https://github.com/devnote-dev/strict-yaml.git
    version: 0.1.0+git.commit.e209aaed4b49f3b935556ae7f11f0147fb0b5787

  trigram:
    git: https://github.com/devnote-dev/trigram.git
    version: 0.1.0+git.commit.57df0066d2508d9b472be40babd3571b7b5bd772

